
Microsoft Visual Studio Solution File, Format Version 12.00
# Visual Studio Version 16
VisualStudioVersion = 16.0.29209.62
MinimumVisualStudioVersion = 10.0.40219.1
Project("{9A19103F-16F7-4668-BE54-9A1E7A4F7556}") = "PetClinic", "PetClinic\PetClinic.csproj", "{9BC56F14-073C-4623-928A-3634F3E78B28}"
EndProject
Project("{FAE04EC0-301F-11D3-BF4B-00C04F79EFBC}") = "PetClinic.Data", "PetClinic.Data\PetClinic.Data.csproj", "{08F1CB8A-F068-4093-9071-6C57F4B5EAD9}"
EndProject
Global
	GlobalSection(SolutionConfigurationPlatforms) = preSolution
		Debug|Any CPU = Debug|Any CPU
		Release|Any CPU = Release|Any CPU
	EndGlobalSection
	GlobalSection(ProjectConfigurationPlatforms) = postSolution
		{9BC56F14-073C-4623-928A-3634F3E78B28}.Debug|Any CPU.ActiveCfg = Debug|Any CPU
		{9BC56F14-073C-4623-928A-3634F3E78B28}.Debug|Any CPU.Build.0 = Debug|Any CPU
		{9BC56F14-073C-4623-928A-3634F3E78B28}.Release|Any CPU.ActiveCfg = Release|Any CPU
		{9BC56F14-073C-4623-928A-3634F3E78B28}.Release|Any CPU.Build.0 = Release|Any CPU
		{08F1CB8A-F068-4093-9071-6C57F4B5EAD9}.Debug|Any CPU.ActiveCfg = Debug|Any CPU
		{08F1CB8A-F068-4093-9071-6C57F4B5EAD9}.Debug|Any CPU.Build.0 = Debug|Any CPU
		{08F1CB8A-F068-4093-9071-6C57F4B5EAD9}.Release|Any CPU.ActiveCfg = Release|Any CPU
		{08F1CB8A-F068-4093-9071-6C57F4B5EAD9}.Release|Any CPU.Build.0 = Release|Any CPU
	EndGlobalSection
	GlobalSection(SolutionProperties) = preSolution
		HideSolutionNode = FALSE
	EndGlobalSection
	GlobalSection(ExtensibilityGlobals) = postSolution
		SolutionGuid = {B7DE118C-33E5-4B7A-B328-798DF65751EE}
	EndGlobalSection
EndGlobal
